
Microsoft Visual Studio Solution File, Format Version 12.00
# Visual Studio Version 17
VisualStudioVersion = 17.14.36203.30 d17.14
MinimumVisualStudioVersion = 10.0.40219.1
Project("{FAE04EC0-301F-11D3-BF4B-00C04F79EFBC}") = "CyberComplaints", "CyberComplaints.csproj", "{8168A498-913F-4C53-BB85-C7FD5ED0C3F3}"
EndProject
Global
	GlobalSection(SolutionConfigurationPlatforms) = preSolution
		Debug|Any CPU = Debug|Any CPU
		Release|Any CPU = Release|Any CPU
	EndGlobalSection
	GlobalSection(ProjectConfigurationPlatforms) = postSolution
		{8168A498-913F-4C53-BB85-C7FD5ED0C3F3}.Debug|Any CPU.ActiveCfg = Debug|Any CPU
		{8168A498-913F-4C53-BB85-C7FD5ED0C3F3}.Debug|Any CPU.Build.0 = Debug|Any CPU
		{8168A498-913F-4C53-BB85-C7FD5ED0C3F3}.Release|Any CPU.ActiveCfg = Release|Any CPU
		{8168A498-913F-4C53-BB85-C7FD5ED0C3F3}.Release|Any CPU.Build.0 = Release|Any CPU
	EndGlobalSection
	GlobalSection(SolutionProperties) = preSolution
		HideSolutionNode = FALSE
	EndGlobalSection
	GlobalSection(ExtensibilityGlobals) = postSolution
		SolutionGuid = {2DA34FD9-9CCB-413D-BA37-09BE19B78C97}
	EndGlobalSection
EndGlobal
